{
  "nodes": {
    "devenv": {
      "locked": {
        "dir": "src/modules",
        "lastModified": 1786123539,
        "narHash": "sha256-vKK7JK4WJ92UQUekQ96OilOdY0Rr7A5X+UcAb7ZvDoA=",
        "owner": "cachix",
        "repo": "devenv",
        "rev": "34a93eec7e71e64e9da1819a684d12f92331d638",
        "type": "github"
      },
      "original": {
        "dir": "src/modules",
        "owner": "cachix",
        "repo": "devenv",
        "type": "github"
      }
    },
    "nixpkgs": {
      "locked": {
        "lastModified": 1785967620,
        "narHash": "sha256-IItrdb7Puk05RqOBWZYFC5X6Wl1sJmCfh5MWVHw5iMM=",
        "owner": "NixOS",
        "repo": "nixpkgs",
        "rev": "b7c2ada94fe99c15b0dbcf4d11fd7850b957a436",
        "type": "github"
      },
      "original": {
        "owner": "NixOS",
        "ref": "nixos-unstable",
        "repo": "nixpkgs",
        "type": "github"
      }
    },
    "nixpkgs_2": {
      "locked": {
        "lastModified": 1785967620,
        "narHash": "sha256-IItrdb7Puk05RqOBWZYFC5X6Wl1sJmCfh5MWVHw5iMM=",
        "owner": "NixOS",
        "repo": "nixpkgs",
        "rev": "b7c2ada94fe99c15b0dbcf4d11fd7850b957a436",
        "type": "github"
      },
      "original": {
        "owner": "NixOS",
        "ref": "nixos-unstable",
        "repo": "nixpkgs",
        "type": "github"
      }
    },
    "odin": {
      "inputs": {
        "nixpkgs": "nixpkgs_2",
        "odin-src": "odin-src"
      },
      "locked": {
        "lastModified": 1786205512,
        "narHash": "sha256-PZMs9ErNRI0K1GF6Fl+mFceU/W/GxNNExKlDcJv8y8s=",
        "owner": "londospark",
        "repo": "odin-nightly-flake",
        "rev": "38e1067dd7dd0ede04ddf8e1f70c5feb302cc61c",
        "type": "github"
      },
      "original": {
        "owner": "londospark",
        "repo": "odin-nightly-flake",
        "type": "github"
      }
    },
    "odin-src": {
      "flake": false,
      "locked": {
        "lastModified": 1786200845,
        "narHash": "sha256-kFTl2IiLtCtNFej/nSuEMn/E+c2np+X9ZiLQReCjD54=",
        "owner": "odin-lang",
        "repo": "Odin",
        "rev": "512e33e6336f188c08fbc8f4ca655267180b95d7",
        "type": "github"
      },
      "original": {
        "owner": "odin-lang",
        "ref": "master",
        "repo": "Odin",
        "type": "github"
      }
    },
    "root": {
      "inputs": {
        "devenv": "devenv",
        "nixpkgs": "nixpkgs",
        "odin": "odin"
      }
    }
  },
  "root": "root",
  "version": 7
}